github.com/aws/aws-sdk-go-v2 v1.39.2 h1:EJLg8IdbzgeD7xgvZ+I8M1e0fL0ptn/M47lianzth0I=
github.com/aws/aws-sdk-go-v2 v1.39.2/go.mod h1:sDioUELIUO9Znk23YVmIk86/9DOpkbyyVb1i/gUNFXY=
github.com/aws/aws-sdk-go-v2/feature/dynamodb/attributevalue v1.20.13 h1:4XapkosqyelviBZyOCIkb0XP+D/39+XH8yZ+68SOZss=
github.com/aws/aws-sdk-go-v2/feature/dynamodb/attributevalue v1.20.13/go.mod h1:gvhuLkLsnJJsyM6Y11BRf4C5LjxPS+es+rKuwXJx5Go=
github.com/aws/aws-sdk-go-v2/service/dynamodb v1.50.5 h1:BX2h98b2Jz3PvWxoxdf+xJXm728Ho8yNdkxX1ANlNTM=
github.com/aws/aws-sdk-go-v2/service/dynamodb v1.50.5/go.mod h1:AdM9p8Ytg90UaNYrZIsOivYeC5cDvTPC2Mqw4/2f2aM=
github.com/aws/aws-sdk-go-v2/service/dynamodbstreams v1.31.0 h1:cRXQpYLaXCMHtOZ3+f4Yrb1ct3CH3exV+l6UuDPJWY0=
github.com/aws/aws-sdk-go-v2/service/dynamodbstreams v1.31.0/go.mod h1:lWutbbPuMCVYZAJOC75eWPUzyE71nTC9hTSIAmiJhrg=
github.com/aws/smithy-go v1.23.0 h1:8n6I3gXzWJB2DxBDnfxgBaSX6oe0d/t10qGz7OKqMCE=
github.com/aws/smithy-go v1.23.0/go.mod h1:t1ufH5HMublsJYulve2RKmHDC15xu1f26kHCp/HgceI=
